
Microsoft Visual Studio Solution File, Format Version 12.00
# Visual Studio Version 17
VisualStudioVersion = 17.14.36414.22 d17.14
MinimumVisualStudioVersion = 10.0.40219.1
Project("{FAE04EC0-301F-11D3-BF4B-00C04F79EFBC}") = "so-gateway", "so-gateway\so-gateway.csproj", "{4AB40E95-948D-4A96-8733-AB318635A153}"
EndProject
Global
	GlobalSection(SolutionConfigurationPlatforms) = preSolution
		Debug|Any CPU = Debug|Any CPU
		Release|Any CPU = Release|Any CPU
	EndGlobalSection
	GlobalSection(ProjectConfigurationPlatforms) = postSolution
		{4AB40E95-948D-4A96-8733-AB318635A153}.Debug|Any CPU.ActiveCfg = Debug|Any CPU
		{4AB40E95-948D-4A96-8733-AB318635A153}.Debug|Any CPU.Build.0 = Debug|Any CPU
		{4AB40E95-948D-4A96-8733-AB318635A153}.Release|Any CPU.ActiveCfg = Release|Any CPU
		{4AB40E95-948D-4A96-8733-AB318635A153}.Release|Any CPU.Build.0 = Release|Any CPU
	EndGlobalSection
	GlobalSection(SolutionProperties) = preSolution
		HideSolutionNode = FALSE
	EndGlobalSection
	GlobalSection(ExtensibilityGlobals) = postSolution
		SolutionGuid = {A831B28A-571D-4549-B1AE-5C33365D0295}
	EndGlobalSection
EndGlobal
